<?xml version="1.0" encoding="utf-8"?>
<Project ToolsVersion="4.0" xmlns="http://schemas.microsoft.com/developer/msbuild/2003">
  <ItemGroup>
    <Filter Include="Source Files">
      <UniqueIdentifier>{4FC737F1-C7A5-4376-A066-2A32D752A2FF}</UniqueIdentifier>
      <Extensions>cpp;c;cc;cxx;def;odl;idl;hpj;bat;asm;asmx</Extensions>
    </Filter>
    <Filter Include="Header Files">
      <UniqueIdentifier>{93995380-89BD-4b04-88EB-625FBE52EBFB}</UniqueIdentifier>
      <Extensions>h;hh;hpp;hxx;hm;inl;inc;ipp;xsd</Extensions>
    </Filter>
    <Filter Include="Resource Files">
      <UniqueIdentifier>{67DA6AB6-F800-4c08-8B7A-83BB121AAD01}</UniqueIdentifier>
      <Extensions>rc;ico;cur;bmp;dlg;rc2;rct;bin;rgs;gif;jpg;jpeg;jpe;resx;tiff;tif;png;wav;mfcribbon-ms</Extensions>
    </Filter>
    <Filter Include="Source Files\glad">
      <UniqueIdentifier>{f9b62a87-a083-4107-be56-7003955ff2f2}</UniqueIdentifier>
    </Filter>
    <Filter Include="Header Files\MYCLASS">
      <UniqueIdentifier>{f93cce7e-9adb-4bac-b3c7-a3cb29d3814e}</UniqueIdentifier>
    </Filter>
    <Filter Include="Source Files\MYCLASS">
      <UniqueIdentifier>{0e18ecf6-ea3a-4fdc-b4dd-5642b8a8313b}</UniqueIdentifier>
    </Filter>
    <Filter Include="Source Files\MYCLASS\obj">
      <UniqueIdentifier>{a079eff9-245a-41d0-b280-4b47d17e1b6a}</UniqueIdentifier>
    </Filter>
    <Filter Include="Header Files\MYCLASS\obj">
      <UniqueIdentifier>{f4ba2f83-6104-445a-af94-8fba894ad5eb}</UniqueIdentifier>
    </Filter>
    <Filter Include="Resource Files\assets">
      <UniqueIdentifier>{74ec99f5-95ca-4475-ac56-fc5a5c8418cb}</UniqueIdentifier>
    </Filter>
    <Filter Include="Resource Files\assets\textures">
      <UniqueIdentifier>{c7cd109a-2a0a-4cf8-80bf-6f43623009d8}</UniqueIdentifier>
    </Filter>
    <Filter Include="Resource Files\assets\models">
      <UniqueIdentifier>{bf55efcd-f210-4659-87f9-61281a278250}</UniqueIdentifier>
    </Filter>
    <Filter Include="Resource Files\Shaders">
      <UniqueIdentifier>{d7ce0872-d567-43f8-8917-2e2dc973f547}</UniqueIdentifier>
    </Filter>
    <Filter Include="Source Files\stb">
      <UniqueIdentifier>{53e05cc0-d16e-45ed-bf98-bb49972be748}</UniqueIdentifier>
    </Filter>
    <Filter Include="Header Files\MYCLASS\hw3">
      <UniqueIdentifier>{9d52ada6-e873-4af6-ace4-d72bbcc4218c}</UniqueIdentifier>
    </Filter>
  </ItemGroup>
  <ItemGroup>
    <ClCompile Include="glad.c">
      <Filter>Source Files\glad</Filter>
    </ClCompile>
    <ClCompile Include="Main.cpp">
      <Filter>Source Files</Filter>
    </ClCompile>
    <ClCompile Include="ShaderProgram.cpp">
      <Filter>Source Files\MYCLASS</Filter>
    </ClCompile>
    <ClCompile Include="VertexArray.cpp">
      <Filter>Source Files\MYCLASS</Filter>
    </ClCompile>
    <ClCompile Include="myGL_Buffer.cpp">
      <Filter>Source Files\MYCLASS\obj</Filter>
    </ClCompile>
    <ClCompile Include="myGL_Texture.cpp">
      <Filter>Source Files\MYCLASS\obj</Filter>
    </ClCompile>
    <ClCompile Include="objLoader.cpp">
      <Filter>Source Files</Filter>
    </ClCompile>
    <ClCompile Include="stb_image.cpp">
      <Filter>Source Files\stb</Filter>
    </ClCompile>
  </ItemGroup>
  <ItemGroup>
    <ClInclude Include="comm.hpp">
      <Filter>Header Files</Filter>
    </ClInclude>
    <ClInclude Include="ShaderProgram.hpp">
      <Filter>Header Files\MYCLASS</Filter>
    </ClInclude>
    <ClInclude Include="VertexArray.hpp">
      <Filter>Header Files\MYCLASS</Filter>
    </ClInclude>
    <ClInclude Include="myGL_Object.hpp">
      <Filter>Header Files\MYCLASS\obj</Filter>
    </ClInclude>
    <ClInclude Include="objLoader.hpp">
      <Filter>Header Files</Filter>
    </ClInclude>
    <ClInclude Include="tree_node.hpp">
      <Filter>Header Files\MYCLASS\hw3</Filter>
    </ClInclude>
    <ClInclude Include="myGL_Texture.hpp">
      <Filter>Header Files\MYCLASS\obj</Filter>
    </ClInclude>
    <ClInclude Include="myGL_Buffer.hpp">
      <Filter>Header Files\MYCLASS\obj</Filter>
    </ClInclude>
  </ItemGroup>
  <ItemGroup>
    <None Include="BasicFragmentShader.glsl">
      <Filter>Resource Files\Shaders</Filter>
    </None>
    <None Include="BasicVertexShader.glsl">
      <Filter>Resource Files\Shaders</Filter>
    </None>
  </ItemGroup>
  <ItemGroup>
    <Image Include="head.jpg">
      <Filter>Resource Files\assets\textures</Filter>
    </Image>
    <Image Include="body.bmp">
      <Filter>Resource Files\assets\textures</Filter>
    </Image>
    <Image Include="shorts.bmp">
      <Filter>Resource Files\assets\textures</Filter>
    </Image>
    <Image Include="skin.bmp">
      <Filter>Resource Files\assets\textures</Filter>
    </Image>
    <Image Include="sword.png">
      <Filter>Resource Files\assets\textures</Filter>
    </Image>
    <Image Include="red.bmp">
      <Filter>Resource Files\assets\textures</Filter>
    </Image>
  </ItemGroup>
  <ItemGroup>
    <Resource Include="sword.obj">
      <Filter>Resource Files\assets\models</Filter>
    </Resource>
    <Resource Include="cube.obj">
      <Filter>Resource Files\assets\models</Filter>
    </Resource>
  </ItemGroup>
</Project>